
Microsoft Visual Studio Solution File, Format Version 12.00
Project("{FAE04EC0-301F-11D3-BF4B-00C04F79EFBC}") = "Comp1640", "Comp1640\Comp1640.csproj", "{8095595E-BE12-4D54-A003-85249EB6FD00}"
EndProject
Global
	GlobalSection(SolutionConfigurationPlatforms) = preSolution
		Debug|Any CPU = Debug|Any CPU
		Release|Any CPU = Release|Any CPU
	EndGlobalSection
	GlobalSection(ProjectConfigurationPlatforms) = postSolution
		{8095595E-BE12-4D54-A003-85249EB6FD00}.Debug|Any CPU.ActiveCfg = Debug|Any CPU
		{8095595E-BE12-4D54-A003-85249EB6FD00}.Debug|Any CPU.Build.0 = Debug|Any CPU
		{8095595E-BE12-4D54-A003-85249EB6FD00}.Release|Any CPU.ActiveCfg = Release|Any CPU
		{8095595E-BE12-4D54-A003-85249EB6FD00}.Release|Any CPU.Build.0 = Release|Any CPU
	EndGlobalSection
EndGlobal
